
Microsoft Visual Studio Solution File, Format Version 12.00
# Visual Studio Version 16
VisualStudioVersion = 16.0.30320.27
MinimumVisualStudioVersion = 10.0.40219.1
Project("{FAE04EC0-301F-11D3-BF4B-00C04F79EFBC}") = "SeleniumTest", "SeleniumTest.csproj", "{B1828FAF-3A55-43A8-A897-66B9DB041480}"
EndProject
Global
	GlobalSection(SolutionConfigurationPlatforms) = preSolution
		Debug|Any CPU = Debug|Any CPU
		Release|Any CPU = Release|Any CPU
	EndGlobalSection
	GlobalSection(ProjectConfigurationPlatforms) = postSolution
		{B1828FAF-3A55-43A8-A897-66B9DB041480}.Debug|Any CPU.ActiveCfg = Debug|Any CPU
		{B1828FAF-3A55-43A8-A897-66B9DB041480}.Debug|Any CPU.Build.0 = Debug|Any CPU
		{B1828FAF-3A55-43A8-A897-66B9DB041480}.Release|Any CPU.ActiveCfg = Release|Any CPU
		{B1828FAF-3A55-43A8-A897-66B9DB041480}.Release|Any CPU.Build.0 = Release|Any CPU
	EndGlobalSection
	GlobalSection(SolutionProperties) = preSolution
		HideSolutionNode = FALSE
	EndGlobalSection
	GlobalSection(ExtensibilityGlobals) = postSolution
		SolutionGuid = {02B557D9-753D-4C0A-A4F7-CD2D5B6B7E21}
	EndGlobalSection
EndGlobal
